
Microsoft Visual Studio Solution File, Format Version 12.00
# Visual Studio Version 16
VisualStudioVersion = 16.0.30717.126
MinimumVisualStudioVersion = 10.0.40219.1
Project("{888888A0-9F3D-457C-B088-3A5042F75D52}") = "4", "4\4.pyproj", "{BED8311F-0ADF-4DC5-A37D-38045FA42F77}"
EndProject
Global
	GlobalSection(SolutionConfigurationPlatforms) = preSolution
		Debug|Any CPU = Debug|Any CPU
		Release|Any CPU = Release|Any CPU
	EndGlobalSection
	GlobalSection(ProjectConfigurationPlatforms) = postSolution
		{BED8311F-0ADF-4DC5-A37D-38045FA42F77}.Debug|Any CPU.ActiveCfg = Debug|Any CPU
		{BED8311F-0ADF-4DC5-A37D-38045FA42F77}.Release|Any CPU.ActiveCfg = Release|Any CPU
	EndGlobalSection
	GlobalSection(SolutionProperties) = preSolution
		HideSolutionNode = FALSE
	EndGlobalSection
	GlobalSection(ExtensibilityGlobals) = postSolution
		SolutionGuid = {146CEFDE-42C6-4F6D-B2A2-E60EA49807A4}
	EndGlobalSection
EndGlobal
